
Microsoft Visual Studio Solution File, Format Version 12.00
# Visual Studio Version 17
VisualStudioVersion = 17.5.2.0
MinimumVisualStudioVersion = 10.0.40219.1
Project("{2150E333-8FDC-42A3-9474-1A3956D46DE8}") = "backend-api", "backend-api", "{C7FBAADB-A4A8-78B7-47F9-FD25697BB121}"
EndProject
Project("{FAE04EC0-301F-11D3-BF4B-00C04F79EFBC}") = "CertificateStore.Api", "backend-api\CertificateStore.Api\CertificateStore.Api.csproj", "{A1597D18-0C23-E26F-77A7-4527E64B3313}"
EndProject
Global
	GlobalSection(SolutionConfigurationPlatforms) = preSolution
		Debug|Any CPU = Debug|Any CPU
		Debug|x64 = Debug|x64
		Debug|x86 = Debug|x86
		Release|Any CPU = Release|Any CPU
		Release|x64 = Release|x64
		Release|x86 = Release|x86
	EndGlobalSection
	GlobalSection(ProjectConfigurationPlatforms) = postSolution
		{A1597D18-0C23-E26F-77A7-4527E64B3313}.Debug|Any CPU.ActiveCfg = Debug|Any CPU
		{A1597D18-0C23-E26F-77A7-4527E64B3313}.Debug|Any CPU.Build.0 = Debug|Any CPU
		{A1597D18-0C23-E26F-77A7-4527E64B3313}.Debug|x64.ActiveCfg = Debug|Any CPU
		{A1597D18-0C23-E26F-77A7-4527E64B3313}.Debug|x64.Build.0 = Debug|Any CPU
		{A1597D18-0C23-E26F-77A7-4527E64B3313}.Debug|x86.ActiveCfg = Debug|Any CPU
		{A1597D18-0C23-E26F-77A7-4527E64B3313}.Debug|x86.Build.0 = Debug|Any CPU
		{A1597D18-0C23-E26F-77A7-4527E64B3313}.Release|Any CPU.ActiveCfg = Release|Any CPU
		{A1597D18-0C23-E26F-77A7-4527E64B3313}.Release|Any CPU.Build.0 = Release|Any CPU
		{A1597D18-0C23-E26F-77A7-4527E64B3313}.Release|x64.ActiveCfg = Release|Any CPU
		{A1597D18-0C23-E26F-77A7-4527E64B3313}.Release|x64.Build.0 = Release|Any CPU
		{A1597D18-0C23-E26F-77A7-4527E64B3313}.Release|x86.ActiveCfg = Release|Any CPU
		{A1597D18-0C23-E26F-77A7-4527E64B3313}.Release|x86.Build.0 = Release|Any CPU
	EndGlobalSection
	GlobalSection(SolutionProperties) = preSolution
		HideSolutionNode = FALSE
	EndGlobalSection
	GlobalSection(NestedProjects) = preSolution
		{A1597D18-0C23-E26F-77A7-4527E64B3313} = {C7FBAADB-A4A8-78B7-47F9-FD25697BB121}
	EndGlobalSection
	GlobalSection(ExtensibilityGlobals) = postSolution
		SolutionGuid = {C11C5679-3799-4458-8304-613BE84075B5}
	EndGlobalSection
EndGlobal
